<?xml version="1.0" encoding="utf-8"?>
<Project ToolsVersion="4.0" xmlns="http://schemas.microsoft.com/developer/msbuild/2003">
  <ItemGroup>
    <Filter Include="Source Files">
      <UniqueIdentifier>{4FC737F1-C7A5-4376-A066-2A32D752A2FF}</UniqueIdentifier>
      <Extensions>cpp;c;cc;cxx;def;odl;idl;hpj;bat;asm;asmx</Extensions>
    </Filter>
    <Filter Include="Header Files">
      <UniqueIdentifier>{93995380-89BD-4b04-88EB-625FBE52EBFB}</UniqueIdentifier>
      <Extensions>h;hh;hpp;hxx;hm;inl;inc;ipp;xsd</Extensions>
    </Filter>
    <Filter Include="Resource Files">
      <UniqueIdentifier>{67DA6AB6-F800-4c08-8B7A-83BB121AAD01}</UniqueIdentifier>
      <Extensions>rc;ico;cur;bmp;dlg;rc2;rct;bin;rgs;gif;jpg;jpeg;jpe;resx;tiff;tif;png;wav;mfcribbon-ms</Extensions>
    </Filter>
    <Filter Include="Resource Files\images">
      <UniqueIdentifier>{c1436631-dfb2-46c4-b8ef-43cef0714b03}</UniqueIdentifier>
    </Filter>
    <Filter Include="Resource Files\levels">
      <UniqueIdentifier>{a4294685-fa19-4301-9859-01823365b3a7}</UniqueIdentifier>
    </Filter>
    <Filter Include="Header Files\Collision">
      <UniqueIdentifier>{90ab076c-2993-4a96-a4f0-8576541dc7fa}</UniqueIdentifier>
    </Filter>
    <Filter Include="Source Files\Collision">
      <UniqueIdentifier>{fc8d4433-5644-4632-a82e-b6192b766226}</UniqueIdentifier>
    </Filter>
    <Filter Include="Source Files\Projectile">
      <UniqueIdentifier>{6151a9ba-936d-48a9-bc3f-5e1e28cdef28}</UniqueIdentifier>
    </Filter>
    <Filter Include="Header Files\Projectile">
      <UniqueIdentifier>{80d58deb-7034-41e4-a95d-c65054a85175}</UniqueIdentifier>
    </Filter>
    <Filter Include="Header Files\Screens">
      <UniqueIdentifier>{5de92af3-a2f0-43f5-9d01-e7b6e7aa3467}</UniqueIdentifier>
    </Filter>
    <Filter Include="Source Files\Screens">
      <UniqueIdentifier>{48df5511-93b6-4873-8b37-ba26874ce340}</UniqueIdentifier>
    </Filter>
    <Filter Include="Resource Files\high scores">
      <UniqueIdentifier>{d0de8a6b-339c-4d3e-86ec-18c0cd2ff9cc}</UniqueIdentifier>
    </Filter>
    <Filter Include="Header Files\Input">
      <UniqueIdentifier>{c733b0bb-98c0-441b-be1f-23c31a383960}</UniqueIdentifier>
    </Filter>
    <Filter Include="Source Files\Input">
      <UniqueIdentifier>{592c9900-b808-4c06-a3d1-3b458d9f396a}</UniqueIdentifier>
    </Filter>
    <Filter Include="Header Files\Entity">
      <UniqueIdentifier>{494a7789-96b6-484e-b639-6cf2cada178a}</UniqueIdentifier>
    </Filter>
    <Filter Include="Source Files\Entity">
      <UniqueIdentifier>{b2d14a03-ad70-48a6-ad11-c3632e5c484b}</UniqueIdentifier>
    </Filter>
  </ItemGroup>
  <ItemGroup>
    <ClInclude Include="include\Game.h">
      <Filter>Header Files</Filter>
    </ClInclude>
    <ClInclude Include="include\LevelLoader.h">
      <Filter>Header Files</Filter>
    </ClInclude>
    <ClInclude Include="include\MathUtility.h">
      <Filter>Header Files</Filter>
    </ClInclude>
    <ClInclude Include="include\OrientedBoundingBox.h">
      <Filter>Header Files\Collision</Filter>
    </ClInclude>
    <ClInclude Include="include\CollisionDetector.h">
      <Filter>Header Files\Collision</Filter>
    </ClInclude>
    <ClInclude Include="include\HUD.h">
      <Filter>Header Files</Filter>
    </ClInclude>
    <ClInclude Include="include\ProjectilePool.h">
      <Filter>Header Files\Projectile</Filter>
    </ClInclude>
    <ClInclude Include="include\Projectile.h">
      <Filter>Header Files\Projectile</Filter>
    </ClInclude>
    <ClInclude Include="include\TitleScreen.h">
      <Filter>Header Files\Screens</Filter>
    </ClInclude>
    <ClInclude Include="include\LevelBuilder.h">
      <Filter>Header Files\Screens</Filter>
    </ClInclude>
    <ClInclude Include="include\PauseScreen.h">
      <Filter>Header Files\Screens</Filter>
    </ClInclude>
    <ClInclude Include="include\FileIO.h">
      <Filter>Header Files</Filter>
    </ClInclude>
    <ClInclude Include="include\Xbox360Controller.h">
      <Filter>Header Files\Input</Filter>
    </ClInclude>
    <ClInclude Include="include\Target.h">
      <Filter>Header Files\Entity</Filter>
    </ClInclude>
    <ClInclude Include="include\Tank.h">
      <Filter>Header Files\Entity</Filter>
    </ClInclude>
    <ClInclude Include="include\TankAI.h">
      <Filter>Header Files\Entity</Filter>
    </ClInclude>
    <ClInclude Include="GameState.h">
      <Filter>Header Files</Filter>
    </ClInclude>
    <ClInclude Include="include\TankDebuff.h">
      <Filter>Header Files</Filter>
    </ClInclude>
  </ItemGroup>
  <ItemGroup>
    <ClCompile Include="src\Game.cpp">
      <Filter>Source Files</Filter>
    </ClCompile>
    <ClCompile Include="src\LevelLoader.cpp">
      <Filter>Source Files</Filter>
    </ClCompile>
    <ClCompile Include="src\Main.cpp">
      <Filter>Source Files</Filter>
    </ClCompile>
    <ClCompile Include="src\CollisionDetector.cpp">
      <Filter>Source Files\Collision</Filter>
    </ClCompile>
    <ClCompile Include="src\OrientedBoundingBox.cpp">
      <Filter>Source Files\Collision</Filter>
    </ClCompile>
    <ClCompile Include="src\HUD.cpp">
      <Filter>Source Files</Filter>
    </ClCompile>
    <ClCompile Include="src\ProjectilePool.cpp">
      <Filter>Source Files\Projectile</Filter>
    </ClCompile>
    <ClCompile Include="src\Projectile.cpp">
      <Filter>Source Files\Projectile</Filter>
    </ClCompile>
    <ClCompile Include="src\TitleScreen.cpp">
      <Filter>Source Files\Screens</Filter>
    </ClCompile>
    <ClCompile Include="src\LevelBuilder.cpp">
      <Filter>Source Files\Screens</Filter>
    </ClCompile>
    <ClCompile Include="src\PauseScreen.cpp">
      <Filter>Source Files\Screens</Filter>
    </ClCompile>
    <ClCompile Include="src\FileIO.cpp">
      <Filter>Source Files</Filter>
    </ClCompile>
    <ClCompile Include="src\Xbox360Controller.cpp">
      <Filter>Source Files\Input</Filter>
    </ClCompile>
    <ClCompile Include="src\MathUtility.cpp">
      <Filter>Source Files\Collision</Filter>
    </ClCompile>
    <ClCompile Include="src\Target.cpp">
      <Filter>Source Files\Entity</Filter>
    </ClCompile>
    <ClCompile Include="src\Tank.cpp">
      <Filter>Source Files\Entity</Filter>
    </ClCompile>
    <ClCompile Include="src\TankAI.cpp">
      <Filter>Source Files\Entity</Filter>
    </ClCompile>
  </ItemGroup>
  <ItemGroup>
    <Image Include="images\SpriteSheet.png">
      <Filter>Resource Files\images</Filter>
    </Image>
    <Image Include="images\TankParticle.png">
      <Filter>Resource Files\images</Filter>
    </Image>
  </ItemGroup>
  <ItemGroup>
    <None Include="resources\levels\level1.yaml">
      <Filter>Resource Files\levels</Filter>
    </None>
    <None Include="resources\HighScores\HighScores.yaml">
      <Filter>Resource Files\high scores</Filter>
    </None>
  </ItemGroup>
</Project>